
Microsoft Visual Studio Solution File, Format Version 12.00
# Visual Studio Version 16
VisualStudioVersion = 16.0.30621.155
MinimumVisualStudioVersion = 10.0.40219.1
Project("{9A19103F-16F7-4668-BE54-9A1E7A4F7556}") = "WF.ProjectTemplate", "WF.ProjectTemplate.csproj", "{5B291728-85A4-4B80-BB04-EE1531832508}"
EndProject
Project("{FAE04EC0-301F-11D3-BF4B-00C04F79EFBC}") = "WF.ItemTemplates", "..\WF.ItemTemplates\WF.ItemTemplates.csproj", "{CA585354-C0F0-4F53-925F-0C8ACC20CF2E}"
EndProject
Global
	GlobalSection(SolutionConfigurationPlatforms) = preSolution
		Debug|Any CPU = Debug|Any CPU
		Release|Any CPU = Release|Any CPU
	EndGlobalSection
	GlobalSection(ProjectConfigurationPlatforms) = postSolution
		{5B291728-85A4-4B80-BB04-EE1531832508}.Debug|Any CPU.ActiveCfg = Debug|Any CPU
		{5B291728-85A4-4B80-BB04-EE1531832508}.Debug|Any CPU.Build.0 = Debug|Any CPU
		{5B291728-85A4-4B80-BB04-EE1531832508}.Release|Any CPU.ActiveCfg = Release|Any CPU
		{5B291728-85A4-4B80-BB04-EE1531832508}.Release|Any CPU.Build.0 = Release|Any CPU
		{CA585354-C0F0-4F53-925F-0C8ACC20CF2E}.Debug|Any CPU.ActiveCfg = Debug|Any CPU
		{CA585354-C0F0-4F53-925F-0C8ACC20CF2E}.Debug|Any CPU.Build.0 = Debug|Any CPU
		{CA585354-C0F0-4F53-925F-0C8ACC20CF2E}.Release|Any CPU.ActiveCfg = Release|Any CPU
		{CA585354-C0F0-4F53-925F-0C8ACC20CF2E}.Release|Any CPU.Build.0 = Release|Any CPU
	EndGlobalSection
	GlobalSection(SolutionProperties) = preSolution
		HideSolutionNode = FALSE
	EndGlobalSection
	GlobalSection(ExtensibilityGlobals) = postSolution
		SolutionGuid = {6823A46F-A345-4CA7-BE10-573857BCDD17}
	EndGlobalSection
EndGlobal
