
Microsoft Visual Studio Solution File, Format Version 12.00
# Visual Studio Version 17
VisualStudioVersion = 17.11.35327.3
MinimumVisualStudioVersion = 10.0.40219.1
Project("{9A19103F-16F7-4668-BE54-9A1E7A4F7556}") = "WF.Common.Objects.WFTask", "WF.Common.Objects.WFTask\WF.Common.Objects.WFTask.csproj", "{E358CB4B-6E0D-429C-A762-241DA9A9B90F}"
EndProject
Project("{9A19103F-16F7-4668-BE54-9A1E7A4F7556}") = "WF.DAL", "WF.DAL\WF.DAL.csproj", "{9A285ADA-4B1C-4441-B574-78F8549175F5}"
EndProject
Project("{9A19103F-16F7-4668-BE54-9A1E7A4F7556}") = "WF.Engine", "WF.Engine\WF.Engine.csproj", "{EF16A014-9CE6-40E3-BF9B-CBCD0CD43CB1}"
EndProject
Project("{9A19103F-16F7-4668-BE54-9A1E7A4F7556}") = "WF.Engine.Monitoring", "WF.Engine.Monitoring\WF.Engine.Monitoring.csproj", "{E91968BC-9513-43CB-89EE-BF20B9D5238A}"
EndProject
Project("{9A19103F-16F7-4668-BE54-9A1E7A4F7556}") = "WF.Engine.Monitoring.Events", "WF.Engine.Monitoring.Events\WF.Engine.Monitoring.Events.csproj", "{E9255F30-30E2-486F-B898-D9F7422CD7BE}"
EndProject
Project("{9A19103F-16F7-4668-BE54-9A1E7A4F7556}") = "WF.Engine.Monitoring.PerformanceCounters", "WF.Engine.Monitoring.PerformanceCounters\WF.Engine.Monitoring.PerformanceCounters.csproj", "{A167E7D2-E956-4762-BE67-75C49710FDCF}"
EndProject
Project("{9A19103F-16F7-4668-BE54-9A1E7A4F7556}") = "WF.Engine.Monitoring.Utilities", "WF.Engine.Monitoring.Utilities\WF.Engine.Monitoring.Utilities.csproj", "{E437E40B-A3D1-4623-8C77-12FAD8F47908}"
EndProject
Project("{9A19103F-16F7-4668-BE54-9A1E7A4F7556}") = "WF.Engine.Monitoring.Utilities.BE", "WF.Engine.Monitoring.Utilities.BE\WF.Engine.Monitoring.Utilities.BE.csproj", "{166F7103-6BE5-4175-A313-0C5D10DF0F43}"
EndProject
Project("{9A19103F-16F7-4668-BE54-9A1E7A4F7556}") = "WF.ScheduleManagement", "WF.ScheduleManagement\WF.ScheduleManagement.csproj", "{DB6800E2-A80B-486A-9D08-F13231BAA32E}"
EndProject
Project("{9A19103F-16F7-4668-BE54-9A1E7A4F7556}") = "WF.TasksManagement.Objects", "WF.TasksManagement.Objects\WF.TasksManagement.Objects.csproj", "{E54B658A-33ED-4283-BD8C-BECB598511B3}"
EndProject
Project("{9A19103F-16F7-4668-BE54-9A1E7A4F7556}") = "WF.TasksManagement", "WF.TasksManagement\WF.TasksManagement.csproj", "{2255C6FA-922C-4945-9C09-96B144501D3D}"
EndProject
Project("{9A19103F-16F7-4668-BE54-9A1E7A4F7556}") = "WF.Service.WindowService", "WF.Service.WindowsService\WF.Service.WindowService.csproj", "{1FEF5CE6-2287-49BF-9003-64DB4A743750}"
EndProject
Project("{00D1A9C2-B5F0-4AF3-8072-F6C62B433612}") = "WFDatabase", "WFDatabase\WFDatabase.sqlproj", "{F36ED176-BB78-45FB-8E5B-A275160235B9}"
EndProject
Project("{2150E333-8FDC-42A3-9474-1A3956D46DE8}") = "SDK", "SDK", "{ABEDF747-94F0-4245-8B22-32757BCABAE0}"
EndProject
Project("{2150E333-8FDC-42A3-9474-1A3956D46DE8}") = "Monitoring", "Monitoring", "{FC750A7D-9372-4292-9B92-4451333E6E93}"
EndProject
Project("{2150E333-8FDC-42A3-9474-1A3956D46DE8}") = "Data", "Data", "{3334B5C4-4983-4D55-95A7-F60179936B00}"
EndProject
Project("{2150E333-8FDC-42A3-9474-1A3956D46DE8}") = "Engine", "Engine", "{3CFBE193-71AF-409A-837C-C2EB3DA31225}"
EndProject
Project("{9A19103F-16F7-4668-BE54-9A1E7A4F7556}") = "WF.Service.Simulator", "WF.Service.Simulator\WF.Service.Simulator.csproj", "{212A8AA9-5C0D-4923-8C2A-FD4FB927397B}"
EndProject
Project("{2150E333-8FDC-42A3-9474-1A3956D46DE8}") = "Tools", "Tools", "{FD3E1DD5-18E0-40AD-B864-A5024648CAF9}"
EndProject
Project("{2150E333-8FDC-42A3-9474-1A3956D46DE8}") = "Test", "Test", "{8599B6A2-A60A-47D3-B9CE-C0592BB83F2A}"
EndProject
Project("{9A19103F-16F7-4668-BE54-9A1E7A4F7556}") = "TestPlugins", "TestPlugins\TestPlugins.csproj", "{987DD9D9-F007-4905-BC8E-B4376B9679EA}"
EndProject
Project("{2150E333-8FDC-42A3-9474-1A3956D46DE8}") = "Visual Studio Templates", "Visual Studio Templates", "{6D625A9E-6B6A-49A3-9EAF-0199775C2559}"
EndProject
Project("{9A19103F-16F7-4668-BE54-9A1E7A4F7556}") = "WF.WorkerManagement", "WF.WorkerManagement\WF.WorkerManagement.csproj", "{343F55B4-B7BF-4639-B4E2-468A5DE0C452}"
EndProject
Project("{9A19103F-16F7-4668-BE54-9A1E7A4F7556}") = "WF.Monitoring", "WF.Monitoring\WF.Monitoring.csproj", "{0EBF2628-3B6F-4038-B416-E185567CBED0}"
EndProject
Project("{9A19103F-16F7-4668-BE54-9A1E7A4F7556}") = "WF.VisualStudioTemplates", "WF.VSTemplates\WF.VisualStudioTemplates\WF.VisualStudioTemplates.csproj", "{1893F4EB-44E5-472E-8460-C2224A37EC79}"
EndProject
Project("{2150E333-8FDC-42A3-9474-1A3956D46DE8}") = "Solution Items", "Solution Items", "{AFE6836B-AD5D-444B-9024-3CAFE05CB82D}"
	ProjectSection(SolutionItems) = preProject
		.gitignore = .gitignore
		LICENSE.md = LICENSE.md
		README.md = README.md
	EndProjectSection
EndProject
Global
	GlobalSection(SolutionConfigurationPlatforms) = preSolution
		Debug|Any CPU = Debug|Any CPU
		Debug|x86 = Debug|x86
		Release|Any CPU = Release|Any CPU
		Release|x86 = Release|x86
	EndGlobalSection
	GlobalSection(ProjectConfigurationPlatforms) = postSolution
		{E358CB4B-6E0D-429C-A762-241DA9A9B90F}.Debug|Any CPU.ActiveCfg = Debug|Any CPU
		{E358CB4B-6E0D-429C-A762-241DA9A9B90F}.Debug|Any CPU.Build.0 = Debug|Any CPU
		{E358CB4B-6E0D-429C-A762-241DA9A9B90F}.Debug|x86.ActiveCfg = Debug|Any CPU
		{E358CB4B-6E0D-429C-A762-241DA9A9B90F}.Debug|x86.Build.0 = Debug|Any CPU
		{E358CB4B-6E0D-429C-A762-241DA9A9B90F}.Release|Any CPU.ActiveCfg = Release|Any CPU
		{E358CB4B-6E0D-429C-A762-241DA9A9B90F}.Release|Any CPU.Build.0 = Release|Any CPU
		{E358CB4B-6E0D-429C-A762-241DA9A9B90F}.Release|x86.ActiveCfg = Release|Any CPU
		{E358CB4B-6E0D-429C-A762-241DA9A9B90F}.Release|x86.Build.0 = Release|Any CPU
		{9A285ADA-4B1C-4441-B574-78F8549175F5}.Debug|Any CPU.ActiveCfg = Debug|Any CPU
		{9A285ADA-4B1C-4441-B574-78F8549175F5}.Debug|Any CPU.Build.0 = Debug|Any CPU
		{9A285ADA-4B1C-4441-B574-78F8549175F5}.Debug|x86.ActiveCfg = Debug|Any CPU
		{9A285ADA-4B1C-4441-B574-78F8549175F5}.Debug|x86.Build.0 = Debug|Any CPU
		{9A285ADA-4B1C-4441-B574-78F8549175F5}.Release|Any CPU.ActiveCfg = Release|Any CPU
		{9A285ADA-4B1C-4441-B574-78F8549175F5}.Release|Any CPU.Build.0 = Release|Any CPU
		{9A285ADA-4B1C-4441-B574-78F8549175F5}.Release|x86.ActiveCfg = Release|Any CPU
		{9A285ADA-4B1C-4441-B574-78F8549175F5}.Release|x86.Build.0 = Release|Any CPU
		{EF16A014-9CE6-40E3-BF9B-CBCD0CD43CB1}.Debug|Any CPU.ActiveCfg = Debug|Any CPU
		{EF16A014-9CE6-40E3-BF9B-CBCD0CD43CB1}.Debug|Any CPU.Build.0 = Debug|Any CPU
		{EF16A014-9CE6-40E3-BF9B-CBCD0CD43CB1}.Debug|x86.ActiveCfg = Debug|Any CPU
		{EF16A014-9CE6-40E3-BF9B-CBCD0CD43CB1}.Debug|x86.Build.0 = Debug|Any CPU
		{EF16A014-9CE6-40E3-BF9B-CBCD0CD43CB1}.Release|Any CPU.ActiveCfg = Release|Any CPU
		{EF16A014-9CE6-40E3-BF9B-CBCD0CD43CB1}.Release|Any CPU.Build.0 = Release|Any CPU
		{EF16A014-9CE6-40E3-BF9B-CBCD0CD43CB1}.Release|x86.ActiveCfg = Release|Any CPU
		{EF16A014-9CE6-40E3-BF9B-CBCD0CD43CB1}.Release|x86.Build.0 = Release|Any CPU
		{E91968BC-9513-43CB-89EE-BF20B9D5238A}.Debug|Any CPU.ActiveCfg = Debug|Any CPU
		{E91968BC-9513-43CB-89EE-BF20B9D5238A}.Debug|Any CPU.Build.0 = Debug|Any CPU
		{E91968BC-9513-43CB-89EE-BF20B9D5238A}.Debug|x86.ActiveCfg = Debug|Any CPU
		{E91968BC-9513-43CB-89EE-BF20B9D5238A}.Debug|x86.Build.0 = Debug|Any CPU
		{E91968BC-9513-43CB-89EE-BF20B9D5238A}.Release|Any CPU.ActiveCfg = Release|Any CPU
		{E91968BC-9513-43CB-89EE-BF20B9D5238A}.Release|Any CPU.Build.0 = Release|Any CPU
		{E91968BC-9513-43CB-89EE-BF20B9D5238A}.Release|x86.ActiveCfg = Release|Any CPU
		{E91968BC-9513-43CB-89EE-BF20B9D5238A}.Release|x86.Build.0 = Release|Any CPU
		{E9255F30-30E2-486F-B898-D9F7422CD7BE}.Debug|Any CPU.ActiveCfg = Debug|Any CPU
		{E9255F30-30E2-486F-B898-D9F7422CD7BE}.Debug|Any CPU.Build.0 = Debug|Any CPU
		{E9255F30-30E2-486F-B898-D9F7422CD7BE}.Debug|x86.ActiveCfg = Debug|Any CPU
		{E9255F30-30E2-486F-B898-D9F7422CD7BE}.Debug|x86.Build.0 = Debug|Any CPU
		{E9255F30-30E2-486F-B898-D9F7422CD7BE}.Release|Any CPU.ActiveCfg = Release|Any CPU
		{E9255F30-30E2-486F-B898-D9F7422CD7BE}.Release|Any CPU.Build.0 = Release|Any CPU
		{E9255F30-30E2-486F-B898-D9F7422CD7BE}.Release|x86.ActiveCfg = Release|Any CPU
		{E9255F30-30E2-486F-B898-D9F7422CD7BE}.Release|x86.Build.0 = Release|Any CPU
		{A167E7D2-E956-4762-BE67-75C49710FDCF}.Debug|Any CPU.ActiveCfg = Debug|Any CPU
		{A167E7D2-E956-4762-BE67-75C49710FDCF}.Debug|Any CPU.Build.0 = Debug|Any CPU
		{A167E7D2-E956-4762-BE67-75C49710FDCF}.Debug|x86.ActiveCfg = Debug|Any CPU
		{A167E7D2-E956-4762-BE67-75C49710FDCF}.Debug|x86.Build.0 = Debug|Any CPU
		{A167E7D2-E956-4762-BE67-75C49710FDCF}.Release|Any CPU.ActiveCfg = Release|Any CPU
		{A167E7D2-E956-4762-BE67-75C49710FDCF}.Release|Any CPU.Build.0 = Release|Any CPU
		{A167E7D2-E956-4762-BE67-75C49710FDCF}.Release|x86.ActiveCfg = Release|Any CPU
		{A167E7D2-E956-4762-BE67-75C49710FDCF}.Release|x86.Build.0 = Release|Any CPU
		{E437E40B-A3D1-4623-8C77-12FAD8F47908}.Debug|Any CPU.ActiveCfg = Debug|Any CPU
		{E437E40B-A3D1-4623-8C77-12FAD8F47908}.Debug|Any CPU.Build.0 = Debug|Any CPU
		{E437E40B-A3D1-4623-8C77-12FAD8F47908}.Debug|x86.ActiveCfg = Debug|Any CPU
		{E437E40B-A3D1-4623-8C77-12FAD8F47908}.Debug|x86.Build.0 = Debug|Any CPU
		{E437E40B-A3D1-4623-8C77-12FAD8F47908}.Release|Any CPU.ActiveCfg = Release|Any CPU
		{E437E40B-A3D1-4623-8C77-12FAD8F47908}.Release|Any CPU.Build.0 = Release|Any CPU
		{E437E40B-A3D1-4623-8C77-12FAD8F47908}.Release|x86.ActiveCfg = Release|Any CPU
		{E437E40B-A3D1-4623-8C77-12FAD8F47908}.Release|x86.Build.0 = Release|Any CPU
		{166F7103-6BE5-4175-A313-0C5D10DF0F43}.Debug|Any CPU.ActiveCfg = Debug|Any CPU
		{166F7103-6BE5-4175-A313-0C5D10DF0F43}.Debug|Any CPU.Build.0 = Debug|Any CPU
		{166F7103-6BE5-4175-A313-0C5D10DF0F43}.Debug|x86.ActiveCfg = Debug|Any CPU
		{166F7103-6BE5-4175-A313-0C5D10DF0F43}.Debug|x86.Build.0 = Debug|Any CPU
		{166F7103-6BE5-4175-A313-0C5D10DF0F43}.Release|Any CPU.ActiveCfg = Release|Any CPU
		{166F7103-6BE5-4175-A313-0C5D10DF0F43}.Release|Any CPU.Build.0 = Release|Any CPU
		{166F7103-6BE5-4175-A313-0C5D10DF0F43}.Release|x86.ActiveCfg = Release|Any CPU
		{166F7103-6BE5-4175-A313-0C5D10DF0F43}.Release|x86.Build.0 = Release|Any CPU
		{DB6800E2-A80B-486A-9D08-F13231BAA32E}.Debug|Any CPU.ActiveCfg = Debug|Any CPU
		{DB6800E2-A80B-486A-9D08-F13231BAA32E}.Debug|Any CPU.Build.0 = Debug|Any CPU
		{DB6800E2-A80B-486A-9D08-F13231BAA32E}.Debug|x86.ActiveCfg = Debug|Any CPU
		{DB6800E2-A80B-486A-9D08-F13231BAA32E}.Debug|x86.Build.0 = Debug|Any CPU
		{DB6800E2-A80B-486A-9D08-F13231BAA32E}.Release|Any CPU.ActiveCfg = Release|Any CPU
		{DB6800E2-A80B-486A-9D08-F13231BAA32E}.Release|Any CPU.Build.0 = Release|Any CPU
		{DB6800E2-A80B-486A-9D08-F13231BAA32E}.Release|x86.ActiveCfg = Release|Any CPU
		{DB6800E2-A80B-486A-9D08-F13231BAA32E}.Release|x86.Build.0 = Release|Any CPU
		{E54B658A-33ED-4283-BD8C-BECB598511B3}.Debug|Any CPU.ActiveCfg = Debug|Any CPU
		{E54B658A-33ED-4283-BD8C-BECB598511B3}.Debug|Any CPU.Build.0 = Debug|Any CPU
		{E54B658A-33ED-4283-BD8C-BECB598511B3}.Debug|x86.ActiveCfg = Debug|Any CPU
		{E54B658A-33ED-4283-BD8C-BECB598511B3}.Debug|x86.Build.0 = Debug|Any CPU
		{E54B658A-33ED-4283-BD8C-BECB598511B3}.Release|Any CPU.ActiveCfg = Release|Any CPU
		{E54B658A-33ED-4283-BD8C-BECB598511B3}.Release|Any CPU.Build.0 = Release|Any CPU
		{E54B658A-33ED-4283-BD8C-BECB598511B3}.Release|x86.ActiveCfg = Release|Any CPU
		{E54B658A-33ED-4283-BD8C-BECB598511B3}.Release|x86.Build.0 = Release|Any CPU
		{2255C6FA-922C-4945-9C09-96B144501D3D}.Debug|Any CPU.ActiveCfg = Debug|Any CPU
		{2255C6FA-922C-4945-9C09-96B144501D3D}.Debug|Any CPU.Build.0 = Debug|Any CPU
		{2255C6FA-922C-4945-9C09-96B144501D3D}.Debug|x86.ActiveCfg = Debug|Any CPU
		{2255C6FA-922C-4945-9C09-96B144501D3D}.Debug|x86.Build.0 = Debug|Any CPU
		{2255C6FA-922C-4945-9C09-96B144501D3D}.Release|Any CPU.ActiveCfg = Release|Any CPU
		{2255C6FA-922C-4945-9C09-96B144501D3D}.Release|Any CPU.Build.0 = Release|Any CPU
		{2255C6FA-922C-4945-9C09-96B144501D3D}.Release|x86.ActiveCfg = Release|Any CPU
		{2255C6FA-922C-4945-9C09-96B144501D3D}.Release|x86.Build.0 = Release|Any CPU
		{1FEF5CE6-2287-49BF-9003-64DB4A743750}.Debug|Any CPU.ActiveCfg = Debug|Any CPU
		{1FEF5CE6-2287-49BF-9003-64DB4A743750}.Debug|Any CPU.Build.0 = Debug|Any CPU
		{1FEF5CE6-2287-49BF-9003-64DB4A743750}.Debug|x86.ActiveCfg = Debug|Any CPU
		{1FEF5CE6-2287-49BF-9003-64DB4A743750}.Debug|x86.Build.0 = Debug|Any CPU
		{1FEF5CE6-2287-49BF-9003-64DB4A743750}.Release|Any CPU.ActiveCfg = Release|Any CPU
		{1FEF5CE6-2287-49BF-9003-64DB4A743750}.Release|Any CPU.Build.0 = Release|Any CPU
		{1FEF5CE6-2287-49BF-9003-64DB4A743750}.Release|x86.ActiveCfg = Release|Any CPU
		{1FEF5CE6-2287-49BF-9003-64DB4A743750}.Release|x86.Build.0 = Release|Any CPU
		{F36ED176-BB78-45FB-8E5B-A275160235B9}.Debug|Any CPU.ActiveCfg = Debug|Any CPU
		{F36ED176-BB78-45FB-8E5B-A275160235B9}.Debug|Any CPU.Deploy.0 = Debug|Any CPU
		{F36ED176-BB78-45FB-8E5B-A275160235B9}.Debug|x86.ActiveCfg = Debug|Any CPU
		{F36ED176-BB78-45FB-8E5B-A275160235B9}.Debug|x86.Build.0 = Debug|Any CPU
		{F36ED176-BB78-45FB-8E5B-A275160235B9}.Debug|x86.Deploy.0 = Debug|Any CPU
		{F36ED176-BB78-45FB-8E5B-A275160235B9}.Release|Any CPU.ActiveCfg = Release|Any CPU
		{F36ED176-BB78-45FB-8E5B-A275160235B9}.Release|Any CPU.Deploy.0 = Release|Any CPU
		{F36ED176-BB78-45FB-8E5B-A275160235B9}.Release|x86.ActiveCfg = Release|Any CPU
		{F36ED176-BB78-45FB-8E5B-A275160235B9}.Release|x86.Build.0 = Release|Any CPU
		{F36ED176-BB78-45FB-8E5B-A275160235B9}.Release|x86.Deploy.0 = Release|Any CPU
		{212A8AA9-5C0D-4923-8C2A-FD4FB927397B}.Debug|Any CPU.ActiveCfg = Debug|Any CPU
		{212A8AA9-5C0D-4923-8C2A-FD4FB927397B}.Debug|Any CPU.Build.0 = Debug|Any CPU
		{212A8AA9-5C0D-4923-8C2A-FD4FB927397B}.Debug|x86.ActiveCfg = Debug|Any CPU
		{212A8AA9-5C0D-4923-8C2A-FD4FB927397B}.Debug|x86.Build.0 = Debug|Any CPU
		{212A8AA9-5C0D-4923-8C2A-FD4FB927397B}.Release|Any CPU.ActiveCfg = Release|Any CPU
		{212A8AA9-5C0D-4923-8C2A-FD4FB927397B}.Release|Any CPU.Build.0 = Release|Any CPU
		{212A8AA9-5C0D-4923-8C2A-FD4FB927397B}.Release|x86.ActiveCfg = Release|Any CPU
		{212A8AA9-5C0D-4923-8C2A-FD4FB927397B}.Release|x86.Build.0 = Release|Any CPU
		{987DD9D9-F007-4905-BC8E-B4376B9679EA}.Debug|Any CPU.ActiveCfg = Debug|Any CPU
		{987DD9D9-F007-4905-BC8E-B4376B9679EA}.Debug|Any CPU.Build.0 = Debug|Any CPU
		{987DD9D9-F007-4905-BC8E-B4376B9679EA}.Debug|x86.ActiveCfg = Debug|Any CPU
		{987DD9D9-F007-4905-BC8E-B4376B9679EA}.Debug|x86.Build.0 = Debug|Any CPU
		{987DD9D9-F007-4905-BC8E-B4376B9679EA}.Release|Any CPU.ActiveCfg = Release|Any CPU
		{987DD9D9-F007-4905-BC8E-B4376B9679EA}.Release|Any CPU.Build.0 = Release|Any CPU
		{987DD9D9-F007-4905-BC8E-B4376B9679EA}.Release|x86.ActiveCfg = Release|Any CPU
		{987DD9D9-F007-4905-BC8E-B4376B9679EA}.Release|x86.Build.0 = Release|Any CPU
		{343F55B4-B7BF-4639-B4E2-468A5DE0C452}.Debug|Any CPU.ActiveCfg = Debug|Any CPU
		{343F55B4-B7BF-4639-B4E2-468A5DE0C452}.Debug|Any CPU.Build.0 = Debug|Any CPU
		{343F55B4-B7BF-4639-B4E2-468A5DE0C452}.Debug|x86.ActiveCfg = Debug|Any CPU
		{343F55B4-B7BF-4639-B4E2-468A5DE0C452}.Debug|x86.Build.0 = Debug|Any CPU
		{343F55B4-B7BF-4639-B4E2-468A5DE0C452}.Release|Any CPU.ActiveCfg = Release|Any CPU
		{343F55B4-B7BF-4639-B4E2-468A5DE0C452}.Release|Any CPU.Build.0 = Release|Any CPU
		{343F55B4-B7BF-4639-B4E2-468A5DE0C452}.Release|x86.ActiveCfg = Release|Any CPU
		{343F55B4-B7BF-4639-B4E2-468A5DE0C452}.Release|x86.Build.0 = Release|Any CPU
		{0EBF2628-3B6F-4038-B416-E185567CBED0}.Debug|Any CPU.ActiveCfg = Debug|Any CPU
		{0EBF2628-3B6F-4038-B416-E185567CBED0}.Debug|Any CPU.Build.0 = Debug|Any CPU
		{0EBF2628-3B6F-4038-B416-E185567CBED0}.Debug|x86.ActiveCfg = Debug|Any CPU
		{0EBF2628-3B6F-4038-B416-E185567CBED0}.Debug|x86.Build.0 = Debug|Any CPU
		{0EBF2628-3B6F-4038-B416-E185567CBED0}.Release|Any CPU.ActiveCfg = Release|Any CPU
		{0EBF2628-3B6F-4038-B416-E185567CBED0}.Release|Any CPU.Build.0 = Release|Any CPU
		{0EBF2628-3B6F-4038-B416-E185567CBED0}.Release|x86.ActiveCfg = Release|Any CPU
		{0EBF2628-3B6F-4038-B416-E185567CBED0}.Release|x86.Build.0 = Release|Any CPU
		{1893F4EB-44E5-472E-8460-C2224A37EC79}.Debug|Any CPU.ActiveCfg = Debug|Any CPU
		{1893F4EB-44E5-472E-8460-C2224A37EC79}.Debug|Any CPU.Build.0 = Debug|Any CPU
		{1893F4EB-44E5-472E-8460-C2224A37EC79}.Debug|x86.ActiveCfg = Debug|Any CPU
		{1893F4EB-44E5-472E-8460-C2224A37EC79}.Debug|x86.Build.0 = Debug|Any CPU
		{1893F4EB-44E5-472E-8460-C2224A37EC79}.Release|Any CPU.ActiveCfg = Release|Any CPU
		{1893F4EB-44E5-472E-8460-C2224A37EC79}.Release|Any CPU.Build.0 = Release|Any CPU
		{1893F4EB-44E5-472E-8460-C2224A37EC79}.Release|x86.ActiveCfg = Release|Any CPU
		{1893F4EB-44E5-472E-8460-C2224A37EC79}.Release|x86.Build.0 = Release|Any CPU
	EndGlobalSection
	GlobalSection(SolutionProperties) = preSolution
		HideSolutionNode = FALSE
	EndGlobalSection
	GlobalSection(NestedProjects) = preSolution
		{E358CB4B-6E0D-429C-A762-241DA9A9B90F} = {ABEDF747-94F0-4245-8B22-32757BCABAE0}
		{9A285ADA-4B1C-4441-B574-78F8549175F5} = {3334B5C4-4983-4D55-95A7-F60179936B00}
		{EF16A014-9CE6-40E3-BF9B-CBCD0CD43CB1} = {3CFBE193-71AF-409A-837C-C2EB3DA31225}
		{E91968BC-9513-43CB-89EE-BF20B9D5238A} = {3CFBE193-71AF-409A-837C-C2EB3DA31225}
		{E9255F30-30E2-486F-B898-D9F7422CD7BE} = {3CFBE193-71AF-409A-837C-C2EB3DA31225}
		{A167E7D2-E956-4762-BE67-75C49710FDCF} = {3CFBE193-71AF-409A-837C-C2EB3DA31225}
		{E437E40B-A3D1-4623-8C77-12FAD8F47908} = {3CFBE193-71AF-409A-837C-C2EB3DA31225}
		{166F7103-6BE5-4175-A313-0C5D10DF0F43} = {3CFBE193-71AF-409A-837C-C2EB3DA31225}
		{DB6800E2-A80B-486A-9D08-F13231BAA32E} = {ABEDF747-94F0-4245-8B22-32757BCABAE0}
		{E54B658A-33ED-4283-BD8C-BECB598511B3} = {ABEDF747-94F0-4245-8B22-32757BCABAE0}
		{2255C6FA-922C-4945-9C09-96B144501D3D} = {ABEDF747-94F0-4245-8B22-32757BCABAE0}
		{F36ED176-BB78-45FB-8E5B-A275160235B9} = {3334B5C4-4983-4D55-95A7-F60179936B00}
		{212A8AA9-5C0D-4923-8C2A-FD4FB927397B} = {FD3E1DD5-18E0-40AD-B864-A5024648CAF9}
		{987DD9D9-F007-4905-BC8E-B4376B9679EA} = {8599B6A2-A60A-47D3-B9CE-C0592BB83F2A}
		{343F55B4-B7BF-4639-B4E2-468A5DE0C452} = {ABEDF747-94F0-4245-8B22-32757BCABAE0}
		{0EBF2628-3B6F-4038-B416-E185567CBED0} = {FC750A7D-9372-4292-9B92-4451333E6E93}
		{1893F4EB-44E5-472E-8460-C2224A37EC79} = {6D625A9E-6B6A-49A3-9EAF-0199775C2559}
	EndGlobalSection
	GlobalSection(ExtensibilityGlobals) = postSolution
		SolutionGuid = {EBC3CFCB-47C1-486E-9526-E815894D9583}
	EndGlobalSection
EndGlobal
